// !$*UTF8*$!
{
	archiveVersion = 1;
	classes = {
	};
	objectVersion = 51;
	objects = {

/* Begin PBXBuildFile section */
		03021FF32299C05F000D2A91 /* libavcodec.a in Frameworks */ = {isa = PBXBuildFile; fileRef = 03021FF22299C05F000D2A91 /* libavcodec.a */; };
		03021FFB2299C0AE000D2A91 /* libavfilter.a in Frameworks */ = {isa = PBXBuildFile; fileRef = 03021FF42299C0AE000D2A91 /* libavfilter.a */; };
		03021FFC2299C0AE000D2A91 /* libavdevice.a in Frameworks */ = {isa = PBXBuildFile; fileRef = 03021FF52299C0AE000D2A91 /* libavdevice.a */; };
		03021FFD2299C0AE000D2A91 /* libavutil.a in Frameworks */ = {isa = PBXBuildFile; fileRef = 03021FF62299C0AE000D2A91 /* libavutil.a */; };
		03021FFE2299C0AE000D2A91 /* libswscale.a in Frameworks */ = {isa = PBXBuildFile; fileRef = 03021FF72299C0AE000D2A91 /* libswscale.a */; };
		03021FFF2299C0AE000D2A91 /* libavresample.a in Frameworks */ = {isa = PBXBuildFile; fileRef = 03021FF82299C0AE000D2A91 /* libavresample.a */; };
		030220002299C0AE000D2A91 /* libswresample.a in Frameworks */ = {isa = PBXBuildFile; fileRef = 03021FF92299C0AE000D2A91 /* libswresample.a */; };
		030220012299C0AE000D2A91 /* libavformat.a in Frameworks */ = {isa = PBXBuildFile; fileRef = 03021FFA2299C0AE000D2A91 /* libavformat.a */; };
		030220042299C209000D2A91 /* AVKit.framework in Frameworks */ = {isa = PBXBuildFile; fileRef = 030220022299C209000D2A91 /* AVKit.framework */; };
		030220052299C209000D2A91 /* AVFoundation.framework in Frameworks */ = {isa = PBXBuildFile; fileRef = 030220032299C209000D2A91 /* AVFoundation.framework */; };
		030220072299C223000D2A91 /* Foundation.framework in Frameworks */ = {isa = PBXBuildFile; fileRef = 030220062299C223000D2A91 /* Foundation.framework */; };
		030220092299C233000D2A91 /* CoreVideo.framework in Frameworks */ = {isa = PBXBuildFile; fileRef = 030220082299C233000D2A91 /* CoreVideo.framework */; };
		0302200B2299C253000D2A91 /* libz.tbd in Frameworks */ = {isa = PBXBuildFile; fileRef = 0302200A2299C253000D2A91 /* libz.tbd */; };
		0302200D2299C25F000D2A91 /* CoreMedia.framework in Frameworks */ = {isa = PBXBuildFile; fileRef = 0302200C2299C25F000D2A91 /* CoreMedia.framework */; };
/* End PBXBuildFile section */

/* Begin PBXFileReference section */
		03021FCE2299ADC5000D2A91 /* FFmpeg.framework */ = {isa = PBXFileReference; explicitFileType = wrapper.framework; includeInIndex = 0; path = FFmpeg.framework; sourceTree = BUILT_PRODUCTS_DIR; };
		03021FD22299ADC5000D2A91 /* Info.plist */ = {isa = PBXFileReference; lastKnownFileType = text.plist.xml; path = Info.plist; sourceTree = "<group>"; };
		03021FF22299C05F000D2A91 /* libavcodec.a */ = {isa = PBXFileReference; lastKnownFileType = archive.ar; name = libavcodec.a; path = "../../../Library/Developer/Xcode/DerivedData/ffmpeg-gslszxwygxmmgnhdpinqwgekpxaq/Build/Intermediates.noindex/ffmpeg.build/Debug-iphonesimulator/ffmpeg.build/fat/lib/libavcodec.a"; sourceTree = "<group>"; };
		03021FF42299C0AE000D2A91 /* libavfilter.a */ = {isa = PBXFileReference; lastKnownFileType = archive.ar; name = libavfilter.a; path = "../../../Library/Developer/Xcode/DerivedData/ffmpeg-gslszxwygxmmgnhdpinqwgekpxaq/Build/Intermediates.noindex/ffmpeg.build/Debug-iphonesimulator/ffmpeg.build/fat/lib/libavfilter.a"; sourceTree = "<group>"; };
		03021FF52299C0AE000D2A91 /* libavdevice.a */ = {isa = PBXFileReference; lastKnownFileType = archive.ar; name = libavdevice.a; path = "../../../Library/Developer/Xcode/DerivedData/ffmpeg-gslszxwygxmmgnhdpinqwgekpxaq/Build/Intermediates.noindex/ffmpeg.build/Debug-iphonesimulator/ffmpeg.build/fat/lib/libavdevice.a"; sourceTree = "<group>"; };
		03021FF62299C0AE000D2A91 /* libavutil.a */ = {isa = PBXFileReference; lastKnownFileType = archive.ar; name = libavutil.a; path = "../../../Library/Developer/Xcode/DerivedData/ffmpeg-gslszxwygxmmgnhdpinqwgekpxaq/Build/Intermediates.noindex/ffmpeg.build/Debug-iphonesimulator/ffmpeg.build/fat/lib/libavutil.a"; sourceTree = "<group>"; };
		03021FF72299C0AE000D2A91 /* libswscale.a */ = {isa = PBXFileReference; lastKnownFileType = archive.ar; name = libswscale.a; path = "../../../Library/Developer/Xcode/DerivedData/ffmpeg-gslszxwygxmmgnhdpinqwgekpxaq/Build/Intermediates.noindex/ffmpeg.build/Debug-iphonesimulator/ffmpeg.build/fat/lib/libswscale.a"; sourceTree = "<group>"; };
		03021FF82299C0AE000D2A91 /* libavresample.a */ = {isa = PBXFileReference; lastKnownFileType = archive.ar; name = libavresample.a; path = "../../../Library/Developer/Xcode/DerivedData/ffmpeg-gslszxwygxmmgnhdpinqwgekpxaq/Build/Intermediates.noindex/ffmpeg.build/Debug-iphonesimulator/ffmpeg.build/fat/lib/libavresample.a"; sourceTree = "<group>"; };
		03021FF92299C0AE000D2A91 /* libswresample.a */ = {isa = PBXFileReference; lastKnownFileType = archive.ar; name = libswresample.a; path = "../../../Library/Developer/Xcode/DerivedData/ffmpeg-gslszxwygxmmgnhdpinqwgekpxaq/Build/Intermediates.noindex/ffmpeg.build/Debug-iphonesimulator/ffmpeg.build/fat/lib/libswresample.a"; sourceTree = "<group>"; };
		03021FFA2299C0AE000D2A91 /* libavformat.a */ = {isa = PBXFileReference; lastKnownFileType = archive.ar; name = libavformat.a; path = "../../../Library/Developer/Xcode/DerivedData/ffmpeg-gslszxwygxmmgnhdpinqwgekpxaq/Build/Intermediates.noindex/ffmpeg.build/Debug-iphonesimulator/ffmpeg.build/fat/lib/libavformat.a"; sourceTree = "<group>"; };
		030220022299C209000D2A91 /* AVKit.framework */ = {isa = PBXFileReference; lastKnownFileType = wrapper.framework; name = AVKit.framework; path = Platforms/iPhoneOS.platform/Developer/SDKs/iPhoneOS12.1.sdk/System/Library/Frameworks/AVKit.framework; sourceTree = DEVELOPER_DIR; };
		030220032299C209000D2A91 /* AVFoundation.framework */ = {isa = PBXFileReference; lastKnownFileType = wrapper.framework; name = AVFoundation.framework; path = Platforms/iPhoneOS.platform/Developer/SDKs/iPhoneOS12.1.sdk/System/Library/Frameworks/AVFoundation.framework; sourceTree = DEVELOPER_DIR; };
		030220062299C223000D2A91 /* Foundation.framework */ = {isa = PBXFileReference; lastKnownFileType = wrapper.framework; name = Foundation.framework; path = Platforms/iPhoneOS.platform/Developer/SDKs/iPhoneOS12.1.sdk/System/Library/Frameworks/Foundation.framework; sourceTree = DEVELOPER_DIR; };
		030220082299C233000D2A91 /* CoreVideo.framework */ = {isa = PBXFileReference; lastKnownFileType = wrapper.framework; name = CoreVideo.framework; path = Platforms/iPhoneOS.platform/Developer/SDKs/iPhoneOS12.1.sdk/System/Library/Frameworks/CoreVideo.framework; sourceTree = DEVELOPER_DIR; };
		0302200A2299C253000D2A91 /* libz.tbd */ = {isa = PBXFileReference; lastKnownFileType = "sourcecode.text-based-dylib-definition"; name = libz.tbd; path = Platforms/iPhoneOS.platform/Developer/SDKs/iPhoneOS12.1.sdk/usr/lib/libz.tbd; sourceTree = DEVELOPER_DIR; };
		0302200C2299C25F000D2A91 /* CoreMedia.framework */ = {isa = PBXFileReference; lastKnownFileType = wrapper.framework; name = CoreMedia.framework; path = Platforms/iPhoneOS.platform/Developer/SDKs/iPhoneOS12.1.sdk/System/Library/Frameworks/CoreMedia.framework; sourceTree = DEVELOPER_DIR; };
/* End PBXFileReference section */

/* Begin PBXFrameworksBuildPhase section */
		03021FCB2299ADC5000D2A91 /* Frameworks */ = {
			isa = PBXFrameworksBuildPhase;
			buildActionMask = 2147483647;
			files = (
				0302200B2299C253000D2A91 /* libz.tbd in Frameworks */,
				03021FF32299C05F000D2A91 /* libavcodec.a in Frameworks */,
				03021FFB2299C0AE000D2A91 /* libavfilter.a in Frameworks */,
				03021FFC2299C0AE000D2A91 /* libavdevice.a in Frameworks */,
				03021FFD2299C0AE000D2A91 /* libavutil.a in Frameworks */,
				03021FFE2299C0AE000D2A91 /* libswscale.a in Frameworks */,
				03021FFF2299C0AE000D2A91 /* libavresample.a in Frameworks */,
				030220002299C0AE000D2A91 /* libswresample.a in Frameworks */,
				030220012299C0AE000D2A91 /* libavformat.a in Frameworks */,
				030220052299C209000D2A91 /* AVFoundation.framework in Frameworks */,
				030220042299C209000D2A91 /* AVKit.framework in Frameworks */,
				030220072299C223000D2A91 /* Foundation.framework in Frameworks */,
				030220092299C233000D2A91 /* CoreVideo.framework in Frameworks */,
				0302200D2299C25F000D2A91 /* CoreMedia.framework in Frameworks */,
			);
			runOnlyForDeploymentPostprocessing = 0;
		};
/* End PBXFrameworksBuildPhase section */

/* Begin PBXGroup section */
		03021FBE2299AD81000D2A91 = {
			isa = PBXGroup;
			children = (
				03021FD02299ADC5000D2A91 /* ffmpeg */,
				03021FCF2299ADC5000D2A91 /* Products */,
				03021FD92299BAF7000D2A91 /* Frameworks */,
			);
			sourceTree = "<group>";
		};
		03021FCF2299ADC5000D2A91 /* Products */ = {
			isa = PBXGroup;
			children = (
				03021FCE2299ADC5000D2A91 /* FFmpeg.framework */,
			);
			name = Products;
			sourceTree = "<group>";
		};
		03021FD02299ADC5000D2A91 /* ffmpeg */ = {
			isa = PBXGroup;
			children = (
				03021FD22299ADC5000D2A91 /* Info.plist */,
			);
			path = ffmpeg;
			sourceTree = "<group>";
		};
		03021FD92299BAF7000D2A91 /* Frameworks */ = {
			isa = PBXGroup;
			children = (
				0302200C2299C25F000D2A91 /* CoreMedia.framework */,
				0302200A2299C253000D2A91 /* libz.tbd */,
				030220082299C233000D2A91 /* CoreVideo.framework */,
				030220062299C223000D2A91 /* Foundation.framework */,
				030220032299C209000D2A91 /* AVFoundation.framework */,
				030220022299C209000D2A91 /* AVKit.framework */,
				03021FF52299C0AE000D2A91 /* libavdevice.a */,
				03021FF42299C0AE000D2A91 /* libavfilter.a */,
				03021FFA2299C0AE000D2A91 /* libavformat.a */,
				03021FF82299C0AE000D2A91 /* libavresample.a */,
				03021FF62299C0AE000D2A91 /* libavutil.a */,
				03021FF92299C0AE000D2A91 /* libswresample.a */,
				03021FF72299C0AE000D2A91 /* libswscale.a */,
				03021FF22299C05F000D2A91 /* libavcodec.a */,
			);
			name = Frameworks;
			sourceTree = "<group>";
		};
/* End PBXGroup section */

/* Begin PBXNativeTarget section */
		03021FCD2299ADC5000D2A91 /* FFmpeg */ = {
			isa = PBXNativeTarget;
			buildConfigurationList = 03021FD42299ADC5000D2A91 /* Build configuration list for PBXNativeTarget "FFmpeg" */;
			buildPhases = (
				03021FD72299AEC9000D2A91 /* Prerequisits */,
				03021FD82299B572000D2A91 /* Compile Per Arch */,
				03021FEA2299BBAF000D2A91 /* Lipo */,
				03021FCA2299ADC5000D2A91 /* Sources */,
				03021FCB2299ADC5000D2A91 /* Frameworks */,
				03021FCC2299ADC5000D2A91 /* Resources */,
			);
			buildRules = (
			);
			dependencies = (
			);
			name = FFmpeg;
			productName = ffmpeg;
			productReference = 03021FCE2299ADC5000D2A91 /* FFmpeg.framework */;
			productType = "com.apple.product-type.framework";
		};
/* End PBXNativeTarget section */

/* Begin PBXProject section */
		03021FBF2299AD81000D2A91 /* Project object */ = {
			isa = PBXProject;
			attributes = {
				LastUpgradeCheck = 1010;
				ORGANIZATIONNAME = "Drone Deploy";
				TargetAttributes = {
					03021FCD2299ADC5000D2A91 = {
						CreatedOnToolsVersion = 10.1;
					};
				};
			};
			buildConfigurationList = 03021FC22299AD81000D2A91 /* Build configuration list for PBXProject "FFmpeg" */;
			compatibilityVersion = "Xcode 9.3";
			developmentRegion = en;
			hasScannedForEncodings = 0;
			knownRegions = (
				en,
			);
			mainGroup = 03021FBE2299AD81000D2A91;
			productRefGroup = 03021FCF2299ADC5000D2A91 /* Products */;
			projectDirPath = "";
			projectRoot = "";
			targets = (
				03021FCD2299ADC5000D2A91 /* FFmpeg */,
			);
		};
/* End PBXProject section */

/* Begin PBXResourcesBuildPhase section */
		03021FCC2299ADC5000D2A91 /* Resources */ = {
			isa = PBXResourcesBuildPhase;
			buildActionMask = 2147483647;
			files = (
			);
			runOnlyForDeploymentPostprocessing = 0;
		};
/* End PBXResourcesBuildPhase section */

/* Begin PBXShellScriptBuildPhase section */
		03021FD72299AEC9000D2A91 /* Prerequisits */ = {
			isa = PBXShellScriptBuildPhase;
			buildActionMask = 2147483647;
			files = (
			);
			inputFileListPaths = (
			);
			inputPaths = (
			);
			name = Prerequisits;
			outputFileListPaths = (
			);
			outputPaths = (
			);
			runOnlyForDeploymentPostprocessing = 0;
			shellPath = /bin/sh;
			shellScript = "if [ ! `which yasm` ]; then\n    echo 'Yasm not found, please `brew install yasm`'\n    exit 1\nfi\n\nif [ ! `which gas-preprocessor.pl` ]; then\n    echo 'gas-preprocessor.pl not found.'\n    echo 'Please install with (curl -L https://github.com/libav/gas-preprocessor/raw/master/gas-preprocessor.pl -o /usr/local/bin/gas-preprocessor.pl && chmod +x /usr/local/bin/gas-preprocessor.pl'\n    exit 1\nfi\n";
		};
		03021FD82299B572000D2A91 /* Compile Per Arch */ = {
			isa = PBXShellScriptBuildPhase;
			buildActionMask = 12;
			files = (
			);
			inputFileListPaths = (
			);
			inputPaths = (
			);
			name = "Compile Per Arch";
			outputFileListPaths = (
			);
			outputPaths = (
				"$(TARGET_TEMP_DIR)/static/*/lib/*.a",
			);
			runOnlyForDeploymentPostprocessing = 0;
			shellPath = /bin/sh;
			shellScript = "sh $SOURCE_ROOT/build_ios_xcode.sh\n";
		};
		03021FEA2299BBAF000D2A91 /* Lipo */ = {
			isa = PBXShellScriptBuildPhase;
			buildActionMask = 2147483647;
			files = (
			);
			inputFileListPaths = (
				"",
			);
			inputPaths = (
				"$(TARGET_TEMP_DIR)/static/*/lib/*.a",
			);
			name = Lipo;
			outputFileListPaths = (
			);
			outputPaths = (
				"$(TARGET_TEMP_DIR)/fat/lib/*.a",
			);
			runOnlyForDeploymentPostprocessing = 0;
			shellPath = /bin/sh;
			shellScript = "sh $SOURCE_ROOT/build_ios_xcode_lipo.sh\n";
		};
/* End PBXShellScriptBuildPhase section */

/* Begin PBXSourcesBuildPhase section */
		03021FCA2299ADC5000D2A91 /* Sources */ = {
			isa = PBXSourcesBuildPhase;
			buildActionMask = 2147483647;
			files = (
			);
			runOnlyForDeploymentPostprocessing = 0;
		};
/* End PBXSourcesBuildPhase section */

/* Begin XCBuildConfiguration section */
		03021FC42299AD81000D2A91 /* Debug */ = {
			isa = XCBuildConfiguration;
			buildSettings = {
				COPY_PHASE_STRIP = NO;
				DEBUG_INFORMATION_FORMAT = dwarf;
				ENABLE_BITCODE = NO;
				ENABLE_TESTABILITY = YES;
				INSTALL_PATH = /;
				IPHONEOS_DEPLOYMENT_TARGET = 10.3;
				MTL_ENABLE_DEBUG_INFO = INCLUDE_SOURCE;
				MTL_FAST_MATH = YES;
				ONLY_ACTIVE_ARCH = NO;
				SDKROOT = iphoneos;
				VALID_ARCHS = "arm64 x86_64 armv7";
			};
			name = Debug;
		};
		03021FC52299AD81000D2A91 /* Release */ = {
			isa = XCBuildConfiguration;
			buildSettings = {
				COPY_PHASE_STRIP = NO;
				DEBUG_INFORMATION_FORMAT = "dwarf-with-dsym";
				ENABLE_BITCODE = NO;
				INSTALL_PATH = /;
				IPHONEOS_DEPLOYMENT_TARGET = 10.3;
				MTL_ENABLE_DEBUG_INFO = NO;
				MTL_FAST_MATH = YES;
				ONLY_ACTIVE_ARCH = NO;
				SDKROOT = iphoneos;
				VALID_ARCHS = "arm64 x86_64 armv7";
			};
			name = Release;
		};
		03021FD52299ADC5000D2A91 /* Debug */ = {
			isa = XCBuildConfiguration;
			buildSettings = {
				CODE_SIGN_IDENTITY = "";
				CODE_SIGN_STYLE = Manual;
				CURRENT_PROJECT_VERSION = 1;
				DEFINES_MODULE = YES;
				DEVELOPMENT_TEAM = "";
				DYLIB_COMPATIBILITY_VERSION = 1;
				DYLIB_CURRENT_VERSION = 1;
				DYLIB_INSTALL_NAME_BASE = "@rpath";
				INFOPLIST_FILE = Info.plist;
				LD_RUNPATH_SEARCH_PATHS = (
					"$(inherited)",
					"@executable_path/Frameworks",
					"@loader_path/Frameworks",
				);
				LIBRARY_SEARCH_PATHS = $TARGET_TEMP_DIR/fat/lib;
				OTHER_LDFLAGS = "-all_load";
				PRODUCT_BUNDLE_IDENTIFIER = com.dronedeploy.ffmpeg;
				PRODUCT_NAME = "$(TARGET_NAME:c99extidentifier)";
				PROVISIONING_PROFILE_SPECIFIER = "";
				TARGETED_DEVICE_FAMILY = "1,2";
				VERSIONING_SYSTEM = "apple-generic";
				VERSION_INFO_PREFIX = "";
			};
			name = Debug;
		};
		03021FD62299ADC5000D2A91 /* Release */ = {
			isa = XCBuildConfiguration;
			buildSettings = {
				CODE_SIGN_IDENTITY = "";
				CODE_SIGN_STYLE = Manual;
				CURRENT_PROJECT_VERSION = 1;
				DEFINES_MODULE = YES;
				DEVELOPMENT_TEAM = "";
				DYLIB_COMPATIBILITY_VERSION = 1;
				DYLIB_CURRENT_VERSION = 1;
				DYLIB_INSTALL_NAME_BASE = "@rpath";
				INFOPLIST_FILE = Info.plist;
				LD_RUNPATH_SEARCH_PATHS = (
					"$(inherited)",
					"@executable_path/Frameworks",
					"@loader_path/Frameworks",
				);
				LIBRARY_SEARCH_PATHS = $TARGET_TEMP_DIR/fat/lib;
				OTHER_LDFLAGS = "-all_load";
				PRODUCT_BUNDLE_IDENTIFIER = com.dronedeploy.ffmpeg;
				PRODUCT_NAME = "$(TARGET_NAME:c99extidentifier)";
				PROVISIONING_PROFILE_SPECIFIER = "";
				TARGETED_DEVICE_FAMILY = "1,2";
				VALIDATE_PRODUCT = YES;
				VERSIONING_SYSTEM = "apple-generic";
				VERSION_INFO_PREFIX = "";
			};
			name = Release;
		};
/* End XCBuildConfiguration section */

/* Begin XCConfigurationList section */
		03021FC22299AD81000D2A91 /* Build configuration list for PBXProject "FFmpeg" */ = {
			isa = XCConfigurationList;
			buildConfigurations = (
				03021FC42299AD81000D2A91 /* Debug */,
				03021FC52299AD81000D2A91 /* Release */,
			);
			defaultConfigurationIsVisible = 0;
			defaultConfigurationName = Release;
		};
		03021FD42299ADC5000D2A91 /* Build configuration list for PBXNativeTarget "FFmpeg" */ = {
			isa = XCConfigurationList;
			buildConfigurations = (
				03021FD52299ADC5000D2A91 /* Debug */,
				03021FD62299ADC5000D2A91 /* Release */,
			);
			defaultConfigurationIsVisible = 0;
			defaultConfigurationName = Release;
		};
/* End XCConfigurationList section */
	};
	rootObject = 03021FBF2299AD81000D2A91 /* Project object */;
}
